
Microsoft Visual Studio Solution File, Format Version 12.00
# Visual Studio Version 16
VisualStudioVersion = 16.0.31402.337
MinimumVisualStudioVersion = 10.0.40219.1
Project("{FAE04EC0-301F-11D3-BF4B-00C04F79EFBC}") = "crypto_lab1", "crypto_lab1\crypto_lab1.csproj", "{C01AEA82-E894-4889-8987-0D2ED162E715}"
EndProject
Project("{FAE04EC0-301F-11D3-BF4B-00C04F79EFBC}") = "UnitTestProject", "UnitTestProject\UnitTestProject.csproj", "{FDB43941-CEA6-411F-AAC6-BFCE82540F37}"
EndProject
Global
	GlobalSection(SolutionConfigurationPlatforms) = preSolution
		Debug|Any CPU = Debug|Any CPU
		Release|Any CPU = Release|Any CPU
	EndGlobalSection
	GlobalSection(ProjectConfigurationPlatforms) = postSolution
		{C01AEA82-E894-4889-8987-0D2ED162E715}.Debug|Any CPU.ActiveCfg = Debug|Any CPU
		{C01AEA82-E894-4889-8987-0D2ED162E715}.Debug|Any CPU.Build.0 = Debug|Any CPU
		{C01AEA82-E894-4889-8987-0D2ED162E715}.Release|Any CPU.ActiveCfg = Release|Any CPU
		{C01AEA82-E894-4889-8987-0D2ED162E715}.Release|Any CPU.Build.0 = Release|Any CPU
		{FDB43941-CEA6-411F-AAC6-BFCE82540F37}.Debug|Any CPU.ActiveCfg = Debug|Any CPU
		{FDB43941-CEA6-411F-AAC6-BFCE82540F37}.Debug|Any CPU.Build.0 = Debug|Any CPU
		{FDB43941-CEA6-411F-AAC6-BFCE82540F37}.Release|Any CPU.ActiveCfg = Release|Any CPU
		{FDB43941-CEA6-411F-AAC6-BFCE82540F37}.Release|Any CPU.Build.0 = Release|Any CPU
	EndGlobalSection
	GlobalSection(SolutionProperties) = preSolution
		HideSolutionNode = FALSE
	EndGlobalSection
	GlobalSection(ExtensibilityGlobals) = postSolution
		SolutionGuid = {83261520-9F54-4043-8AF1-48FFB5D19709}
	EndGlobalSection
EndGlobal
