
Microsoft Visual Studio Solution File, Format Version 12.00
Project("{FAE04EC0-301F-11D3-BF4B-00C04F79EFBC}") = "Lab1", "AES-Kalyna-master\Lab1\Lab1.csproj", "{E9CE46BA-406D-402D-9DA7-53C13A9EDE67}"
EndProject
Project("{FAE04EC0-301F-11D3-BF4B-00C04F79EFBC}") = "UnitTestProject", "AES-Kalyna-master\UnitTestProject\UnitTestProject.csproj", "{EEB6B88B-DECC-43C9-B1FE-0BBC00FA388B}"
EndProject
Project("{FAE04EC0-301F-11D3-BF4B-00C04F79EFBC}") = "Lab2", "RC4_Salsa20_AESModes-master\Lab2\Lab2.csproj", "{BB71162B-D1BC-4218-93DB-77F463090413}"
EndProject
Project("{FAE04EC0-301F-11D3-BF4B-00C04F79EFBC}") = "Benchmark", "RC4_Salsa20_AESModes-master\Benchmark\Benchmark.csproj", "{DD44ACB1-136D-4A36-B338-C16BBAB70018}"
EndProject
Project("{FAE04EC0-301F-11D3-BF4B-00C04F79EFBC}") = "ConsoleForTests", "RC4_Salsa20_AESModes-master\ConsoleForTests\ConsoleForTests.csproj", "{CDD141E5-A427-4B7D-A0AC-6DF8C7831DF4}"
EndProject
Project("{FAE04EC0-301F-11D3-BF4B-00C04F79EFBC}") = "Lab3", "cryptolab3-master\Lab3\Lab3.csproj", "{84A5716D-3DF2-42CE-A4CF-828661DB8916}"
EndProject
Project("{FAE04EC0-301F-11D3-BF4B-00C04F79EFBC}") = "ConsoleForTests", "cryptolab3-master\ConsoleForTests\ConsoleForTests.csproj", "{6F3E81E7-10EC-4CEA-91FB-784D89047EA9}"
EndProject
Project("{FAE04EC0-301F-11D3-BF4B-00C04F79EFBC}") = "Lab4", "cryptolab4-master\Lab4\Lab4.csproj", "{58926D55-CBAC-49CC-87C0-455C6D277947}"
EndProject
Project("{FAE04EC0-301F-11D3-BF4B-00C04F79EFBC}") = "ConsoleForTests", "cryptolab4-master\ConsoleForTests\ConsoleForTests.csproj", "{F63926F8-C8FC-4502-98C0-2E7245CDC0A7}"
EndProject
Global
	GlobalSection(SolutionConfigurationPlatforms) = preSolution
		Debug|Any CPU = Debug|Any CPU
		Release|Any CPU = Release|Any CPU
	EndGlobalSection
	GlobalSection(NestedProjects) = preSolution
	EndGlobalSection
	GlobalSection(ProjectConfigurationPlatforms) = postSolution
		{E9CE46BA-406D-402D-9DA7-53C13A9EDE67}.Debug|Any CPU.ActiveCfg = Debug|Any CPU
		{E9CE46BA-406D-402D-9DA7-53C13A9EDE67}.Debug|Any CPU.Build.0 = Debug|Any CPU
		{E9CE46BA-406D-402D-9DA7-53C13A9EDE67}.Release|Any CPU.ActiveCfg = Release|Any CPU
		{E9CE46BA-406D-402D-9DA7-53C13A9EDE67}.Release|Any CPU.Build.0 = Release|Any CPU
		{EEB6B88B-DECC-43C9-B1FE-0BBC00FA388B}.Debug|Any CPU.ActiveCfg = Debug|Any CPU
		{EEB6B88B-DECC-43C9-B1FE-0BBC00FA388B}.Debug|Any CPU.Build.0 = Debug|Any CPU
		{EEB6B88B-DECC-43C9-B1FE-0BBC00FA388B}.Release|Any CPU.ActiveCfg = Release|Any CPU
		{EEB6B88B-DECC-43C9-B1FE-0BBC00FA388B}.Release|Any CPU.Build.0 = Release|Any CPU
		{BB71162B-D1BC-4218-93DB-77F463090413}.Debug|Any CPU.ActiveCfg = Debug|Any CPU
		{BB71162B-D1BC-4218-93DB-77F463090413}.Debug|Any CPU.Build.0 = Debug|Any CPU
		{BB71162B-D1BC-4218-93DB-77F463090413}.Release|Any CPU.ActiveCfg = Release|Any CPU
		{BB71162B-D1BC-4218-93DB-77F463090413}.Release|Any CPU.Build.0 = Release|Any CPU
		{DD44ACB1-136D-4A36-B338-C16BBAB70018}.Debug|Any CPU.ActiveCfg = Debug|Any CPU
		{DD44ACB1-136D-4A36-B338-C16BBAB70018}.Debug|Any CPU.Build.0 = Debug|Any CPU
		{DD44ACB1-136D-4A36-B338-C16BBAB70018}.Release|Any CPU.ActiveCfg = Release|Any CPU
		{DD44ACB1-136D-4A36-B338-C16BBAB70018}.Release|Any CPU.Build.0 = Release|Any CPU
		{CDD141E5-A427-4B7D-A0AC-6DF8C7831DF4}.Debug|Any CPU.ActiveCfg = Debug|Any CPU
		{CDD141E5-A427-4B7D-A0AC-6DF8C7831DF4}.Debug|Any CPU.Build.0 = Debug|Any CPU
		{CDD141E5-A427-4B7D-A0AC-6DF8C7831DF4}.Release|Any CPU.ActiveCfg = Release|Any CPU
		{CDD141E5-A427-4B7D-A0AC-6DF8C7831DF4}.Release|Any CPU.Build.0 = Release|Any CPU
		{84A5716D-3DF2-42CE-A4CF-828661DB8916}.Debug|Any CPU.ActiveCfg = Debug|Any CPU
		{84A5716D-3DF2-42CE-A4CF-828661DB8916}.Debug|Any CPU.Build.0 = Debug|Any CPU
		{84A5716D-3DF2-42CE-A4CF-828661DB8916}.Release|Any CPU.ActiveCfg = Release|Any CPU
		{84A5716D-3DF2-42CE-A4CF-828661DB8916}.Release|Any CPU.Build.0 = Release|Any CPU
		{6F3E81E7-10EC-4CEA-91FB-784D89047EA9}.Debug|Any CPU.ActiveCfg = Debug|Any CPU
		{6F3E81E7-10EC-4CEA-91FB-784D89047EA9}.Debug|Any CPU.Build.0 = Debug|Any CPU
		{6F3E81E7-10EC-4CEA-91FB-784D89047EA9}.Release|Any CPU.ActiveCfg = Release|Any CPU
		{6F3E81E7-10EC-4CEA-91FB-784D89047EA9}.Release|Any CPU.Build.0 = Release|Any CPU
		{58926D55-CBAC-49CC-87C0-455C6D277947}.Debug|Any CPU.ActiveCfg = Debug|Any CPU
		{58926D55-CBAC-49CC-87C0-455C6D277947}.Debug|Any CPU.Build.0 = Debug|Any CPU
		{58926D55-CBAC-49CC-87C0-455C6D277947}.Release|Any CPU.ActiveCfg = Release|Any CPU
		{58926D55-CBAC-49CC-87C0-455C6D277947}.Release|Any CPU.Build.0 = Release|Any CPU
		{F63926F8-C8FC-4502-98C0-2E7245CDC0A7}.Debug|Any CPU.ActiveCfg = Debug|Any CPU
		{F63926F8-C8FC-4502-98C0-2E7245CDC0A7}.Debug|Any CPU.Build.0 = Debug|Any CPU
		{F63926F8-C8FC-4502-98C0-2E7245CDC0A7}.Release|Any CPU.ActiveCfg = Release|Any CPU
		{F63926F8-C8FC-4502-98C0-2E7245CDC0A7}.Release|Any CPU.Build.0 = Release|Any CPU
	EndGlobalSection
EndGlobal
