
Microsoft Visual Studio Solution File, Format Version 12.00
# Visual Studio 15
VisualStudioVersion = 15.0.27428.2043
MinimumVisualStudioVersion = 10.0.40219.1
Project("{FAE04EC0-301F-11D3-BF4B-00C04F79EFBC}") = "LongMathematic", "LongMathematic\LongMathematic.csproj", "{8D0AA94D-58F3-42B4-AF93-5BCC8875A64A}"
EndProject
Global
	GlobalSection(SolutionConfigurationPlatforms) = preSolution
		Debug|Any CPU = Debug|Any CPU
		Release|Any CPU = Release|Any CPU
	EndGlobalSection
	GlobalSection(ProjectConfigurationPlatforms) = postSolution
		{8D0AA94D-58F3-42B4-AF93-5BCC8875A64A}.Debug|Any CPU.ActiveCfg = Debug|Any CPU
		{8D0AA94D-58F3-42B4-AF93-5BCC8875A64A}.Debug|Any CPU.Build.0 = Debug|Any CPU
		{8D0AA94D-58F3-42B4-AF93-5BCC8875A64A}.Release|Any CPU.ActiveCfg = Release|Any CPU
		{8D0AA94D-58F3-42B4-AF93-5BCC8875A64A}.Release|Any CPU.Build.0 = Release|Any CPU
	EndGlobalSection
	GlobalSection(SolutionProperties) = preSolution
		HideSolutionNode = FALSE
	EndGlobalSection
	GlobalSection(ExtensibilityGlobals) = postSolution
		SolutionGuid = {1219A98A-F677-48A4-A7BE-A291F3A14FA2}
	EndGlobalSection
EndGlobal
