
Microsoft Visual Studio Solution File, Format Version 12.00
Project("{FAE04EC0-301F-11D3-BF4B-00C04F79EFBC}") = "TetrisAi", "TetrisAi\TetrisAi.csproj", "{82861F57-F3D1-4EEB-8AB8-3234A69EC71A}"
EndProject
Global
	GlobalSection(SolutionConfigurationPlatforms) = preSolution
		Debug|Any CPU = Debug|Any CPU
		Release|Any CPU = Release|Any CPU
	EndGlobalSection
	GlobalSection(ProjectConfigurationPlatforms) = postSolution
		{82861F57-F3D1-4EEB-8AB8-3234A69EC71A}.Debug|Any CPU.ActiveCfg = Debug|Any CPU
		{82861F57-F3D1-4EEB-8AB8-3234A69EC71A}.Debug|Any CPU.Build.0 = Debug|Any CPU
		{82861F57-F3D1-4EEB-8AB8-3234A69EC71A}.Release|Any CPU.ActiveCfg = Release|Any CPU
		{82861F57-F3D1-4EEB-8AB8-3234A69EC71A}.Release|Any CPU.Build.0 = Release|Any CPU
	EndGlobalSection
EndGlobal
