
Microsoft Visual Studio Solution File, Format Version 12.00
# Visual Studio Version 16
VisualStudioVersion = 16.0.30611.23
MinimumVisualStudioVersion = 10.0.40219.1
Project("{9A19103F-16F7-4668-BE54-9A1E7A4F7556}") = "ExcelLent", "ExcelLent\ExcelLent.csproj", "{F87289F9-4A74-4FB8-88E0-80F0B37D360B}"
EndProject
Project("{FAE04EC0-301F-11D3-BF4B-00C04F79EFBC}") = "ExcelLentTests", "ExcelLentTests\ExcelLentTests.csproj", "{12638E25-7C32-49D7-B8A3-5682A9A685F6}"
EndProject
Global
	GlobalSection(SolutionConfigurationPlatforms) = preSolution
		Debug|Any CPU = Debug|Any CPU
		Release|Any CPU = Release|Any CPU
	EndGlobalSection
	GlobalSection(ProjectConfigurationPlatforms) = postSolution
		{F87289F9-4A74-4FB8-88E0-80F0B37D360B}.Debug|Any CPU.ActiveCfg = Debug|Any CPU
		{F87289F9-4A74-4FB8-88E0-80F0B37D360B}.Debug|Any CPU.Build.0 = Debug|Any CPU
		{F87289F9-4A74-4FB8-88E0-80F0B37D360B}.Release|Any CPU.ActiveCfg = Release|Any CPU
		{F87289F9-4A74-4FB8-88E0-80F0B37D360B}.Release|Any CPU.Build.0 = Release|Any CPU
		{12638E25-7C32-49D7-B8A3-5682A9A685F6}.Debug|Any CPU.ActiveCfg = Debug|Any CPU
		{12638E25-7C32-49D7-B8A3-5682A9A685F6}.Debug|Any CPU.Build.0 = Debug|Any CPU
		{12638E25-7C32-49D7-B8A3-5682A9A685F6}.Release|Any CPU.ActiveCfg = Release|Any CPU
		{12638E25-7C32-49D7-B8A3-5682A9A685F6}.Release|Any CPU.Build.0 = Release|Any CPU
	EndGlobalSection
	GlobalSection(SolutionProperties) = preSolution
		HideSolutionNode = FALSE
	EndGlobalSection
	GlobalSection(ExtensibilityGlobals) = postSolution
		SolutionGuid = {B47E22C7-D6CF-4F43-A130-81F977330BD7}
	EndGlobalSection
EndGlobal
