
Microsoft Visual Studio Solution File, Format Version 12.00
Project("{FAE04EC0-301F-11D3-BF4B-00C04F79EFBC}") = "kaLab2", "kaLab2\kaLab2.csproj", "{0E185649-EBEC-4C94-81FD-F38A5C5D0DBA}"
EndProject
Global
	GlobalSection(SolutionConfigurationPlatforms) = preSolution
		Debug|Any CPU = Debug|Any CPU
		Release|Any CPU = Release|Any CPU
	EndGlobalSection
	GlobalSection(ProjectConfigurationPlatforms) = postSolution
	EndGlobalSection
		{0E185649-EBEC-4C94-81FD-F38A5C5D0DBA}.Debug|Any CPU.ActiveCfg = Debug|Any CPU
		{0E185649-EBEC-4C94-81FD-F38A5C5D0DBA}.Debug|Any CPU.Build.0 = Debug|Any CPU
		{0E185649-EBEC-4C94-81FD-F38A5C5D0DBA}.Release|Any CPU.ActiveCfg = Release|Any CPU
		{0E185649-EBEC-4C94-81FD-F38A5C5D0DBA}.Release|Any CPU.Build.0 = Release|Any CPU
	EndGlobalSection
EndGlobal
