
Microsoft Visual Studio Solution File, Format Version 12.00
Project("{FAE04EC0-301F-11D3-BF4B-00C04F79EFBC}") = "Pacman", "Pacman\Pacman.csproj", "{3A9A0CEE-7AD8-48E2-9D29-FE0A30CE2FB0}"
EndProject
Global
	GlobalSection(SolutionConfigurationPlatforms) = preSolution
		Debug|Any CPU = Debug|Any CPU
		Release|Any CPU = Release|Any CPU
	EndGlobalSection
	GlobalSection(ProjectConfigurationPlatforms) = postSolution
		{3A9A0CEE-7AD8-48E2-9D29-FE0A30CE2FB0}.Debug|Any CPU.ActiveCfg = Debug|Any CPU
		{3A9A0CEE-7AD8-48E2-9D29-FE0A30CE2FB0}.Debug|Any CPU.Build.0 = Debug|Any CPU
		{3A9A0CEE-7AD8-48E2-9D29-FE0A30CE2FB0}.Release|Any CPU.ActiveCfg = Release|Any CPU
		{3A9A0CEE-7AD8-48E2-9D29-FE0A30CE2FB0}.Release|Any CPU.Build.0 = Release|Any CPU
	EndGlobalSection
EndGlobal
