
Microsoft Visual Studio Solution File, Format Version 12.00
# Visual Studio Version 16
VisualStudioVersion = 16.0.30225.117
MinimumVisualStudioVersion = 10.0.40219.1
Project("{FAE04EC0-301F-11D3-BF4B-00C04F79EFBC}") = "itLab1", "itLab1\itLab1.csproj", "{98D1684A-C75D-4D54-9E55-EDA5211A9DFA}"
EndProject
Global
	GlobalSection(SolutionConfigurationPlatforms) = preSolution
		Debug|Any CPU = Debug|Any CPU
		Release|Any CPU = Release|Any CPU
	EndGlobalSection
	GlobalSection(ProjectConfigurationPlatforms) = postSolution
		{98D1684A-C75D-4D54-9E55-EDA5211A9DFA}.Debug|Any CPU.ActiveCfg = Debug|Any CPU
		{98D1684A-C75D-4D54-9E55-EDA5211A9DFA}.Debug|Any CPU.Build.0 = Debug|Any CPU
		{98D1684A-C75D-4D54-9E55-EDA5211A9DFA}.Release|Any CPU.ActiveCfg = Release|Any CPU
		{98D1684A-C75D-4D54-9E55-EDA5211A9DFA}.Release|Any CPU.Build.0 = Release|Any CPU
	EndGlobalSection
	GlobalSection(SolutionProperties) = preSolution
		HideSolutionNode = FALSE
	EndGlobalSection
	GlobalSection(ExtensibilityGlobals) = postSolution
		SolutionGuid = {1C22E0A7-0DCD-44D6-B141-4EF6DCDFFD6F}
	EndGlobalSection
EndGlobal
