
Microsoft Visual Studio Solution File, Format Version 12.00
Project("{FAE04EC0-301F-11D3-BF4B-00C04F79EFBC}") = "Scheduling", "Scheduling\Scheduling.csproj", "{543033B4-28D9-4069-81FE-F2E87790BDBC}"
EndProject
Global
	GlobalSection(SolutionConfigurationPlatforms) = preSolution
		Debug|Any CPU = Debug|Any CPU
		Release|Any CPU = Release|Any CPU
	EndGlobalSection
	GlobalSection(ProjectConfigurationPlatforms) = postSolution
		{543033B4-28D9-4069-81FE-F2E87790BDBC}.Debug|Any CPU.ActiveCfg = Debug|Any CPU
		{543033B4-28D9-4069-81FE-F2E87790BDBC}.Debug|Any CPU.Build.0 = Debug|Any CPU
		{543033B4-28D9-4069-81FE-F2E87790BDBC}.Release|Any CPU.ActiveCfg = Release|Any CPU
		{543033B4-28D9-4069-81FE-F2E87790BDBC}.Release|Any CPU.Build.0 = Release|Any CPU
	EndGlobalSection
EndGlobal
