
Microsoft Visual Studio Solution File, Format Version 12.00
# Visual Studio 15
VisualStudioVersion = 15.0.28307.1259
MinimumVisualStudioVersion = 10.0.40219.1
Project("{FAE04EC0-301F-11D3-BF4B-00C04F79EFBC}") = "Scheduling", "Scheduling\Scheduling.csproj", "{EABEE0F4-9917-4FAE-A91F-F735FA74D5B8}"
EndProject
Global
	GlobalSection(SolutionConfigurationPlatforms) = preSolution
		Debug|Any CPU = Debug|Any CPU
		Release|Any CPU = Release|Any CPU
	EndGlobalSection
	GlobalSection(ProjectConfigurationPlatforms) = postSolution
		{EABEE0F4-9917-4FAE-A91F-F735FA74D5B8}.Debug|Any CPU.ActiveCfg = Debug|Any CPU
		{EABEE0F4-9917-4FAE-A91F-F735FA74D5B8}.Debug|Any CPU.Build.0 = Debug|Any CPU
		{EABEE0F4-9917-4FAE-A91F-F735FA74D5B8}.Release|Any CPU.ActiveCfg = Release|Any CPU
		{EABEE0F4-9917-4FAE-A91F-F735FA74D5B8}.Release|Any CPU.Build.0 = Release|Any CPU
	EndGlobalSection
	GlobalSection(SolutionProperties) = preSolution
		HideSolutionNode = FALSE
	EndGlobalSection
	GlobalSection(ExtensibilityGlobals) = postSolution
		SolutionGuid = {5AE53690-168A-43BB-90A8-DA5D35004C56}
	EndGlobalSection
EndGlobal
